
Microsoft Visual Studio Solution File, Format Version 12.00
# Visual Studio Version 17
VisualStudioVersion = 17.4.33213.308
MinimumVisualStudioVersion = 10.0.40219.1
Project("{FAE04EC0-301F-11D3-BF4B-00C04F79EFBC}") = "middlewareBuilder-consoleApp", "middlewareBuilder-consoleApp\middlewareBuilder-consoleApp.csproj", "{59875868-61F9-4F88-A383-A7F480C2F293}"
EndProject
Global
	GlobalSection(SolutionConfigurationPlatforms) = preSolution
		Debug|Any CPU = Debug|Any CPU
		Release|Any CPU = Release|Any CPU
	EndGlobalSection
	GlobalSection(ProjectConfigurationPlatforms) = postSolution
		{59875868-61F9-4F88-A383-A7F480C2F293}.Debug|Any CPU.ActiveCfg = Debug|Any CPU
		{59875868-61F9-4F88-A383-A7F480C2F293}.Debug|Any CPU.Build.0 = Debug|Any CPU
		{59875868-61F9-4F88-A383-A7F480C2F293}.Release|Any CPU.ActiveCfg = Release|Any CPU
		{59875868-61F9-4F88-A383-A7F480C2F293}.Release|Any CPU.Build.0 = Release|Any CPU
	EndGlobalSection
	GlobalSection(SolutionProperties) = preSolution
		HideSolutionNode = FALSE
	EndGlobalSection
	GlobalSection(ExtensibilityGlobals) = postSolution
		SolutionGuid = {D7B0948F-430F-4373-88EB-F06C5C29CFAC}
	EndGlobalSection
EndGlobal
